Microsoft Visual Studio Solution File, Format Version 12.00
# Visual Studio Version 17
VisualStudioVersion = 17.5.2.0
MinimumVisualStudioVersion = 10.0.40219.1
Project("{FAE04EC0-301F-11D3-BF4B-00C04F79EFBC}") = "WeatherCacheApi.Tests", "WeatherCacheApi.Tests.csproj", "{46CEAC5A-AAD0-2B83-D3C4-51ED1086876B}"
EndProject
Global
	GlobalSection(SolutionConfigurationPlatforms) = preSolution
		Debug|Any CPU = Debug|Any CPU
		Release|Any CPU = Release|Any CPU
	EndGlobalSection
	GlobalSection(ProjectConfigurationPlatforms) = postSolution
		{46CEAC5A-AAD0-2B83-D3C4-51ED1086876B}.Debug|Any CPU.ActiveCfg = Debug|Any CPU
		{46CEAC5A-AAD0-2B83-D3C4-51ED1086876B}.Debug|Any CPU.Build.0 = Debug|Any CPU
		{46CEAC5A-AAD0-2B83-D3C4-51ED1086876B}.Release|Any CPU.ActiveCfg = Release|Any CPU
		{46CEAC5A-AAD0-2B83-D3C4-51ED1086876B}.Release|Any CPU.Build.0 = Release|Any CPU
	EndGlobalSection
	GlobalSection(SolutionProperties) = preSolution
		HideSolutionNode = FALSE
	EndGlobalSection
	GlobalSection(ExtensibilityGlobals) = postSolution
		SolutionGuid = {B3C385C0-9C3C-46EC-A967-9D103DF519EB}
	EndGlobalSection
EndGlobal
